
Microsoft Visual Studio Solution File, Format Version 12.00
# Visual Studio 14
VisualStudioVersion = 14.0.25420.1
MinimumVisualStudioVersion = 10.0.40219.1
Project("{8BC9CEB8-8B4A-11D0-8D11-00A0C91BC942}") = "LRUCacheTest", "LRUCacheTest.vcxproj", "{7C23C447-7068-454C-BC8E-4248A6CA4F4C}"
EndProject
Global
	GlobalSection(SolutionConfigurationPlatforms) = preSolution
		DebugV1|x64 = DebugV1|x64
		DebugV1|x86 = DebugV1|x86
		DebugV1u|x64 = DebugV1u|x64
		DebugV1u|x86 = DebugV1u|x86
		DebugV2|x64 = DebugV2|x64
		DebugV2|x86 = DebugV2|x86
		DebugV2u|x64 = DebugV2u|x64
		DebugV2u|x86 = DebugV2u|x86
		DebugV3|x64 = DebugV3|x64
		DebugV3|x86 = DebugV3|x86
		DebugV3u|x64 = DebugV3u|x64
		DebugV3u|x86 = DebugV3u|x86
		DebugV4|x64 = DebugV4|x64
		DebugV4|x86 = DebugV4|x86
		DebugV4u|x64 = DebugV4u|x64
		DebugV4u|x86 = DebugV4u|x86
		DebugV5|x64 = DebugV5|x64
		DebugV5|x86 = DebugV5|x86
		ReleaseV1|x64 = ReleaseV1|x64
		ReleaseV1|x86 = ReleaseV1|x86
		ReleaseV1u|x64 = ReleaseV1u|x64
		ReleaseV1u|x86 = ReleaseV1u|x86
		ReleaseV2|x64 = ReleaseV2|x64
		ReleaseV2|x86 = ReleaseV2|x86
		ReleaseV2u|x64 = ReleaseV2u|x64
		ReleaseV2u|x86 = ReleaseV2u|x86
		ReleaseV3|x64 = ReleaseV3|x64
		ReleaseV3|x86 = ReleaseV3|x86
		ReleaseV3u|x64 = ReleaseV3u|x64
		ReleaseV3u|x86 = ReleaseV3u|x86
		ReleaseV4|x64 = ReleaseV4|x64
		ReleaseV4|x86 = ReleaseV4|x86
		ReleaseV4u|x64 = ReleaseV4u|x64
		ReleaseV4u|x86 = ReleaseV4u|x86
		ReleaseV5|x64 = ReleaseV5|x64
		ReleaseV5|x86 = ReleaseV5|x86
	EndGlobalSection
	GlobalSection(ProjectConfigurationPlatforms) = postSolution
		{7C23C447-7068-454C-BC8E-4248A6CA4F4C}.DebugV1|x64.ActiveCfg = DebugV1|x64
		{7C23C447-7068-454C-BC8E-4248A6CA4F4C}.DebugV1|x64.Build.0 = DebugV1|x64
		{7C23C447-7068-454C-BC8E-4248A6CA4F4C}.DebugV1|x86.ActiveCfg = DebugV1|Win32
		{7C23C447-7068-454C-BC8E-4248A6CA4F4C}.DebugV1|x86.Build.0 = DebugV1|Win32
		{7C23C447-7068-454C-BC8E-4248A6CA4F4C}.DebugV1u|x64.ActiveCfg = DebugV1u|x64
		{7C23C447-7068-454C-BC8E-4248A6CA4F4C}.DebugV1u|x64.Build.0 = DebugV1u|x64
		{7C23C447-7068-454C-BC8E-4248A6CA4F4C}.DebugV1u|x86.ActiveCfg = DebugV1u|Win32
		{7C23C447-7068-454C-BC8E-4248A6CA4F4C}.DebugV1u|x86.Build.0 = DebugV1u|Win32
		{7C23C447-7068-454C-BC8E-4248A6CA4F4C}.DebugV2|x64.ActiveCfg = DebugV2|x64
		{7C23C447-7068-454C-BC8E-4248A6CA4F4C}.DebugV2|x64.Build.0 = DebugV2|x64
		{7C23C447-7068-454C-BC8E-4248A6CA4F4C}.DebugV2|x86.ActiveCfg = DebugV2|Win32
		{7C23C447-7068-454C-BC8E-4248A6CA4F4C}.DebugV2|x86.Build.0 = DebugV2|Win32
		{7C23C447-7068-454C-BC8E-4248A6CA4F4C}.DebugV2u|x64.ActiveCfg = DebugV2u|x64
		{7C23C447-7068-454C-BC8E-4248A6CA4F4C}.DebugV2u|x64.Build.0 = DebugV2u|x64
		{7C23C447-7068-454C-BC8E-4248A6CA4F4C}.DebugV2u|x86.ActiveCfg = DebugV2u|Win32
		{7C23C447-7068-454C-BC8E-4248A6CA4F4C}.DebugV2u|x86.Build.0 = DebugV2u|Win32
		{7C23C447-7068-454C-BC8E-4248A6CA4F4C}.DebugV3|x64.ActiveCfg = DebugV3|x64
		{7C23C447-7068-454C-BC8E-4248A6CA4F4C}.DebugV3|x64.Build.0 = DebugV3|x64
		{7C23C447-7068-454C-BC8E-4248A6CA4F4C}.DebugV3|x86.ActiveCfg = DebugV3|Win32
		{7C23C447-7068-454C-BC8E-4248A6CA4F4C}.DebugV3|x86.Build.0 = DebugV3|Win32
		{7C23C447-7068-454C-BC8E-4248A6CA4F4C}.DebugV3u|x64.ActiveCfg = DebugV3u|x64
		{7C23C447-7068-454C-BC8E-4248A6CA4F4C}.DebugV3u|x64.Build.0 = DebugV3u|x64
		{7C23C447-7068-454C-BC8E-4248A6CA4F4C}.DebugV3u|x86.ActiveCfg = DebugV3u|Win32
		{7C23C447-7068-454C-BC8E-4248A6CA4F4C}.DebugV3u|x86.Build.0 = DebugV3u|Win32
		{7C23C447-7068-454C-BC8E-4248A6CA4F4C}.DebugV4|x64.ActiveCfg = DebugV4|x64
		{7C23C447-7068-454C-BC8E-4248A6CA4F4C}.DebugV4|x64.Build.0 = DebugV4|x64
		{7C23C447-7068-454C-BC8E-4248A6CA4F4C}.DebugV4|x86.ActiveCfg = DebugV4|Win32
		{7C23C447-7068-454C-BC8E-4248A6CA4F4C}.DebugV4|x86.Build.0 = DebugV4|Win32
		{7C23C447-7068-454C-BC8E-4248A6CA4F4C}.DebugV4u|x64.ActiveCfg = DebugV4u|x64
		{7C23C447-7068-454C-BC8E-4248A6CA4F4C}.DebugV4u|x64.Build.0 = DebugV4u|x64
		{7C23C447-7068-454C-BC8E-4248A6CA4F4C}.DebugV4u|x86.ActiveCfg = DebugV4u|Win32
		{7C23C447-7068-454C-BC8E-4248A6CA4F4C}.DebugV4u|x86.Build.0 = DebugV4u|Win32
		{7C23C447-7068-454C-BC8E-4248A6CA4F4C}.DebugV5|x64.ActiveCfg = DebugV5|x64
		{7C23C447-7068-454C-BC8E-4248A6CA4F4C}.DebugV5|x64.Build.0 = DebugV5|x64
		{7C23C447-7068-454C-BC8E-4248A6CA4F4C}.DebugV5|x86.ActiveCfg = DebugV5|Win32
		{7C23C447-7068-454C-BC8E-4248A6CA4F4C}.DebugV5|x86.Build.0 = DebugV5|Win32
		{7C23C447-7068-454C-BC8E-4248A6CA4F4C}.ReleaseV1|x64.ActiveCfg = ReleaseV1|x64
		{7C23C447-7068-454C-BC8E-4248A6CA4F4C}.ReleaseV1|x64.Build.0 = ReleaseV1|x64
		{7C23C447-7068-454C-BC8E-4248A6CA4F4C}.ReleaseV1|x86.ActiveCfg = ReleaseV1|Win32
		{7C23C447-7068-454C-BC8E-4248A6CA4F4C}.ReleaseV1|x86.Build.0 = ReleaseV1|Win32
		{7C23C447-7068-454C-BC8E-4248A6CA4F4C}.ReleaseV1u|x64.ActiveCfg = ReleaseV1u|x64
		{7C23C447-7068-454C-BC8E-4248A6CA4F4C}.ReleaseV1u|x64.Build.0 = ReleaseV1u|x64
		{7C23C447-7068-454C-BC8E-4248A6CA4F4C}.ReleaseV1u|x86.ActiveCfg = ReleaseV1u|Win32
		{7C23C447-7068-454C-BC8E-4248A6CA4F4C}.ReleaseV1u|x86.Build.0 = ReleaseV1u|Win32
		{7C23C447-7068-454C-BC8E-4248A6CA4F4C}.ReleaseV2|x64.ActiveCfg = ReleaseV2|x64
		{7C23C447-7068-454C-BC8E-4248A6CA4F4C}.ReleaseV2|x64.Build.0 = ReleaseV2|x64
		{7C23C447-7068-454C-BC8E-4248A6CA4F4C}.ReleaseV2|x86.ActiveCfg = ReleaseV2|Win32
		{7C23C447-7068-454C-BC8E-4248A6CA4F4C}.ReleaseV2|x86.Build.0 = ReleaseV2|Win32
		{7C23C447-7068-454C-BC8E-4248A6CA4F4C}.ReleaseV2u|x64.ActiveCfg = ReleaseV2u|x64
		{7C23C447-7068-454C-BC8E-4248A6CA4F4C}.ReleaseV2u|x64.Build.0 = ReleaseV2u|x64
		{7C23C447-7068-454C-BC8E-4248A6CA4F4C}.ReleaseV2u|x86.ActiveCfg = ReleaseV2u|Win32
		{7C23C447-7068-454C-BC8E-4248A6CA4F4C}.ReleaseV2u|x86.Build.0 = ReleaseV2u|Win32
		{7C23C447-7068-454C-BC8E-4248A6CA4F4C}.ReleaseV3|x64.ActiveCfg = ReleaseV3|x64
		{7C23C447-7068-454C-BC8E-4248A6CA4F4C}.ReleaseV3|x64.Build.0 = ReleaseV3|x64
		{7C23C447-7068-454C-BC8E-4248A6CA4F4C}.ReleaseV3|x86.ActiveCfg = ReleaseV3|Win32
		{7C23C447-7068-454C-BC8E-4248A6CA4F4C}.ReleaseV3|x86.Build.0 = ReleaseV3|Win32
		{7C23C447-7068-454C-BC8E-4248A6CA4F4C}.ReleaseV3u|x64.ActiveCfg = ReleaseV3u|x64
		{7C23C447-7068-454C-BC8E-4248A6CA4F4C}.ReleaseV3u|x64.Build.0 = ReleaseV3u|x64
		{7C23C447-7068-454C-BC8E-4248A6CA4F4C}.ReleaseV3u|x86.ActiveCfg = ReleaseV3u|Win32
		{7C23C447-7068-454C-BC8E-4248A6CA4F4C}.ReleaseV3u|x86.Build.0 = ReleaseV3u|Win32
		{7C23C447-7068-454C-BC8E-4248A6CA4F4C}.ReleaseV4|x64.ActiveCfg = ReleaseV4|x64
		{7C23C447-7068-454C-BC8E-4248A6CA4F4C}.ReleaseV4|x64.Build.0 = ReleaseV4|x64
		{7C23C447-7068-454C-BC8E-4248A6CA4F4C}.ReleaseV4|x86.ActiveCfg = ReleaseV4|Win32
		{7C23C447-7068-454C-BC8E-4248A6CA4F4C}.ReleaseV4|x86.Build.0 = ReleaseV4|Win32
		{7C23C447-7068-454C-BC8E-4248A6CA4F4C}.ReleaseV4u|x64.ActiveCfg = ReleaseV4u|x64
		{7C23C447-7068-454C-BC8E-4248A6CA4F4C}.ReleaseV4u|x64.Build.0 = ReleaseV4u|x64
		{7C23C447-7068-454C-BC8E-4248A6CA4F4C}.ReleaseV4u|x86.ActiveCfg = ReleaseV4u|Win32
		{7C23C447-7068-454C-BC8E-4248A6CA4F4C}.ReleaseV4u|x86.Build.0 = ReleaseV4u|Win32
		{7C23C447-7068-454C-BC8E-4248A6CA4F4C}.ReleaseV5|x64.ActiveCfg = ReleaseV5|x64
		{7C23C447-7068-454C-BC8E-4248A6CA4F4C}.ReleaseV5|x64.Build.0 = ReleaseV5|x64
		{7C23C447-7068-454C-BC8E-4248A6CA4F4C}.ReleaseV5|x86.ActiveCfg = ReleaseV5|Win32
		{7C23C447-7068-454C-BC8E-4248A6CA4F4C}.ReleaseV5|x86.Build.0 = ReleaseV5|Win32
	EndGlobalSection
	GlobalSection(SolutionProperties) = preSolution
		HideSolutionNode = FALSE
	EndGlobalSection
EndGlobal
